
Microsoft Visual Studio Solution File, Format Version 12.00
# Visual Studio 15
VisualStudioVersion = 15.0.28307.960
MinimumVisualStudioVersion = 10.0.40219.1
Project("{FAE04EC0-301F-11D3-BF4B-00C04F79EFBC}") = "AppSql", "AppSql\AppSql.csproj", "{304C98CF-09A9-411A-A9E8-2805F85EE0AE}"
EndProject
Global
	GlobalSection(SolutionConfigurationPlatforms) = preSolution
		Debug|Any CPU = Debug|Any CPU
		Debug|x86 = Debug|x86
		Release|Any CPU = Release|Any CPU
		Release|x86 = Release|x86
	EndGlobalSection
	GlobalSection(ProjectConfigurationPlatforms) = postSolution
		{304C98CF-09A9-411A-A9E8-2805F85EE0AE}.Debug|Any CPU.ActiveCfg = Debug|Any CPU
		{304C98CF-09A9-411A-A9E8-2805F85EE0AE}.Debug|Any CPU.Build.0 = Debug|Any CPU
		{304C98CF-09A9-411A-A9E8-2805F85EE0AE}.Debug|x86.ActiveCfg = Debug|x86
		{304C98CF-09A9-411A-A9E8-2805F85EE0AE}.Debug|x86.Build.0 = Debug|x86
		{304C98CF-09A9-411A-A9E8-2805F85EE0AE}.Release|Any CPU.ActiveCfg = Release|Any CPU
		{304C98CF-09A9-411A-A9E8-2805F85EE0AE}.Release|Any CPU.Build.0 = Release|Any CPU
		{304C98CF-09A9-411A-A9E8-2805F85EE0AE}.Release|x86.ActiveCfg = Release|x86
		{304C98CF-09A9-411A-A9E8-2805F85EE0AE}.Release|x86.Build.0 = Release|x86
	EndGlobalSection
	GlobalSection(SolutionProperties) = preSolution
		HideSolutionNode = FALSE
	EndGlobalSection
	GlobalSection(ExtensibilityGlobals) = postSolution
		SolutionGuid = {A2F35A66-A4FC-49BE-99B0-12051F925753}
	EndGlobalSection
EndGlobal
